
Microsoft Visual Studio Solution File, Format Version 12.00
# Visual Studio 15
VisualStudioVersion = 15.0.28010.2046
MinimumVisualStudioVersion = 10.0.40219.1
Project("{FAE04EC0-301F-11D3-BF4B-00C04F79EFBC}") = "ConsoleApp1", "ConsoleApp1\ConsoleApp1.csproj", "{D93FFAAE-14B3-4F2C-8C92-464D0AE17858}"
EndProject
Project("{FAE04EC0-301F-11D3-BF4B-00C04F79EFBC}") = "ConsoleApp5", "ConsoleApp5\ConsoleApp5.csproj", "{4ACE7904-6BEA-4D81-B0E7-1FC36755D7D0}"
EndProject
Project("{FAE04EC0-301F-11D3-BF4B-00C04F79EFBC}") = "ConsoleApp6", "ConsoleApp6\ConsoleApp6.csproj", "{680EBA11-6D45-425C-BFE5-7A9E6B55CB6B}"
EndProject
Project("{FAE04EC0-301F-11D3-BF4B-00C04F79EFBC}") = "ConsoleApp2", "ConsoleApp2\ConsoleApp2.csproj", "{A7A2DB27-2495-4DF1-8238-75822BF2AF9A}"
EndProject
Project("{FAE04EC0-301F-11D3-BF4B-00C04F79EFBC}") = "ConsoleApp3", "ConsoleApp3\ConsoleApp3.csproj", "{47EB73FE-9069-48A2-B69F-C5801F449262}"
EndProject
Project("{FAE04EC0-301F-11D3-BF4B-00C04F79EFBC}") = "ConsoleApp4", "ConsoleApp4\ConsoleApp4.csproj", "{64E538CC-A040-4A11-83CF-8B816D00DA23}"
EndProject
Project("{FAE04EC0-301F-11D3-BF4B-00C04F79EFBC}") = "ConsoleApp7", "ConsoleApp7\ConsoleApp7.csproj", "{49C77E7E-877A-44AA-A0C2-42867F9FD8AB}"
EndProject
Project("{FAE04EC0-301F-11D3-BF4B-00C04F79EFBC}") = "ConsoleApp8", "ConsoleApp8\ConsoleApp8.csproj", "{504BB1C0-C603-4D55-9BD1-A668BFDA5B54}"
EndProject
Project("{FAE04EC0-301F-11D3-BF4B-00C04F79EFBC}") = "ConsoleApp9", "ConsoleApp9\ConsoleApp9.csproj", "{FA019983-CC0E-4A0D-9F8E-B270FBECD54E}"
EndProject
Project("{FAE04EC0-301F-11D3-BF4B-00C04F79EFBC}") = "ConsoleApp10", "ConsoleApp10\ConsoleApp10.csproj", "{C155BE15-87D0-4439-BC18-F57A58BD460D}"
EndProject
Project("{FAE04EC0-301F-11D3-BF4B-00C04F79EFBC}") = "ConsoleApp11", "ConsoleApp11\ConsoleApp11.csproj", "{DFF7C3DD-EC1C-48E4-A9B6-B74B9F778F13}"
EndProject
Project("{FAE04EC0-301F-11D3-BF4B-00C04F79EFBC}") = "ConsoleApp12", "ConsoleApp12\ConsoleApp12.csproj", "{6B3512C7-66AF-4F41-A2A4-9FBA66E13E6C}"
EndProject
Project("{FAE04EC0-301F-11D3-BF4B-00C04F79EFBC}") = "ConsoleApp13", "ConsoleApp13\ConsoleApp13.csproj", "{ECCA68EF-F842-4A3B-A880-8EE7B0A18858}"
EndProject
Project("{FAE04EC0-301F-11D3-BF4B-00C04F79EFBC}") = "EventTest", "EventTest\EventTest.csproj", "{8F2672DA-4956-4233-BCFE-5C95BEC7A481}"
EndProject
Project("{FAE04EC0-301F-11D3-BF4B-00C04F79EFBC}") = "ConsoleApp14", "ConsoleApp14\ConsoleApp14.csproj", "{95DABAC5-769A-4E60-BB87-2BD6EA92E61A}"
EndProject
Project("{FAE04EC0-301F-11D3-BF4B-00C04F79EFBC}") = "ConsoleApp15", "ConsoleApp15\ConsoleApp15.csproj", "{E71D9CEA-BCED-4760-9618-142CACE44FAF}"
EndProject
Project("{FAE04EC0-301F-11D3-BF4B-00C04F79EFBC}") = "ConsoleApp16", "ConsoleApp16\ConsoleApp16.csproj", "{7C1C65BD-5D1C-43B1-8B42-7A938E4249EC}"
EndProject
Project("{FAE04EC0-301F-11D3-BF4B-00C04F79EFBC}") = "ConsoleApp17", "ConsoleApp17\ConsoleApp17.csproj", "{349A7FB2-0F13-498A-B00A-F14B2F570C98}"
EndProject
Project("{FAE04EC0-301F-11D3-BF4B-00C04F79EFBC}") = "ConsoleApp18", "ConsoleApp18\ConsoleApp18.csproj", "{8B5FAE71-5E15-40D2-A621-64C22F86EA26}"
EndProject
Project("{FAE04EC0-301F-11D3-BF4B-00C04F79EFBC}") = "ConsoleApp19", "ConsoleApp19\ConsoleApp19.csproj", "{CEB895DA-DD8D-480A-BA50-58964DCF7DDE}"
EndProject
Global
	GlobalSection(SolutionConfigurationPlatforms) = preSolution
		Debug|Any CPU = Debug|Any CPU
		Release|Any CPU = Release|Any CPU
	EndGlobalSection
	GlobalSection(ProjectConfigurationPlatforms) = postSolution
		{D93FFAAE-14B3-4F2C-8C92-464D0AE17858}.Debug|Any CPU.ActiveCfg = Debug|Any CPU
		{D93FFAAE-14B3-4F2C-8C92-464D0AE17858}.Debug|Any CPU.Build.0 = Debug|Any CPU
		{D93FFAAE-14B3-4F2C-8C92-464D0AE17858}.Release|Any CPU.ActiveCfg = Release|Any CPU
		{D93FFAAE-14B3-4F2C-8C92-464D0AE17858}.Release|Any CPU.Build.0 = Release|Any CPU
		{4ACE7904-6BEA-4D81-B0E7-1FC36755D7D0}.Debug|Any CPU.ActiveCfg = Debug|Any CPU
		{4ACE7904-6BEA-4D81-B0E7-1FC36755D7D0}.Debug|Any CPU.Build.0 = Debug|Any CPU
		{4ACE7904-6BEA-4D81-B0E7-1FC36755D7D0}.Release|Any CPU.ActiveCfg = Release|Any CPU
		{4ACE7904-6BEA-4D81-B0E7-1FC36755D7D0}.Release|Any CPU.Build.0 = Release|Any CPU
		{680EBA11-6D45-425C-BFE5-7A9E6B55CB6B}.Debug|Any CPU.ActiveCfg = Debug|Any CPU
		{680EBA11-6D45-425C-BFE5-7A9E6B55CB6B}.Debug|Any CPU.Build.0 = Debug|Any CPU
		{680EBA11-6D45-425C-BFE5-7A9E6B55CB6B}.Release|Any CPU.ActiveCfg = Release|Any CPU
		{680EBA11-6D45-425C-BFE5-7A9E6B55CB6B}.Release|Any CPU.Build.0 = Release|Any CPU
		{A7A2DB27-2495-4DF1-8238-75822BF2AF9A}.Debug|Any CPU.ActiveCfg = Debug|Any CPU
		{A7A2DB27-2495-4DF1-8238-75822BF2AF9A}.Debug|Any CPU.Build.0 = Debug|Any CPU
		{A7A2DB27-2495-4DF1-8238-75822BF2AF9A}.Release|Any CPU.ActiveCfg = Release|Any CPU
		{A7A2DB27-2495-4DF1-8238-75822BF2AF9A}.Release|Any CPU.Build.0 = Release|Any CPU
		{47EB73FE-9069-48A2-B69F-C5801F449262}.Debug|Any CPU.ActiveCfg = Debug|Any CPU
		{47EB73FE-9069-48A2-B69F-C5801F449262}.Debug|Any CPU.Build.0 = Debug|Any CPU
		{47EB73FE-9069-48A2-B69F-C5801F449262}.Release|Any CPU.ActiveCfg = Release|Any CPU
		{47EB73FE-9069-48A2-B69F-C5801F449262}.Release|Any CPU.Build.0 = Release|Any CPU
		{64E538CC-A040-4A11-83CF-8B816D00DA23}.Debug|Any CPU.ActiveCfg = Debug|Any CPU
		{64E538CC-A040-4A11-83CF-8B816D00DA23}.Debug|Any CPU.Build.0 = Debug|Any CPU
		{64E538CC-A040-4A11-83CF-8B816D00DA23}.Release|Any CPU.ActiveCfg = Release|Any CPU
		{64E538CC-A040-4A11-83CF-8B816D00DA23}.Release|Any CPU.Build.0 = Release|Any CPU
		{49C77E7E-877A-44AA-A0C2-42867F9FD8AB}.Debug|Any CPU.ActiveCfg = Debug|Any CPU
		{49C77E7E-877A-44AA-A0C2-42867F9FD8AB}.Debug|Any CPU.Build.0 = Debug|Any CPU
		{49C77E7E-877A-44AA-A0C2-42867F9FD8AB}.Release|Any CPU.ActiveCfg = Release|Any CPU
		{49C77E7E-877A-44AA-A0C2-42867F9FD8AB}.Release|Any CPU.Build.0 = Release|Any CPU
		{504BB1C0-C603-4D55-9BD1-A668BFDA5B54}.Debug|Any CPU.ActiveCfg = Debug|Any CPU
		{504BB1C0-C603-4D55-9BD1-A668BFDA5B54}.Debug|Any CPU.Build.0 = Debug|Any CPU
		{504BB1C0-C603-4D55-9BD1-A668BFDA5B54}.Release|Any CPU.ActiveCfg = Release|Any CPU
		{504BB1C0-C603-4D55-9BD1-A668BFDA5B54}.Release|Any CPU.Build.0 = Release|Any CPU
		{FA019983-CC0E-4A0D-9F8E-B270FBECD54E}.Debug|Any CPU.ActiveCfg = Debug|Any CPU
		{FA019983-CC0E-4A0D-9F8E-B270FBECD54E}.Debug|Any CPU.Build.0 = Debug|Any CPU
		{FA019983-CC0E-4A0D-9F8E-B270FBECD54E}.Release|Any CPU.ActiveCfg = Release|Any CPU
		{FA019983-CC0E-4A0D-9F8E-B270FBECD54E}.Release|Any CPU.Build.0 = Release|Any CPU
		{C155BE15-87D0-4439-BC18-F57A58BD460D}.Debug|Any CPU.ActiveCfg = Debug|Any CPU
		{C155BE15-87D0-4439-BC18-F57A58BD460D}.Debug|Any CPU.Build.0 = Debug|Any CPU
		{C155BE15-87D0-4439-BC18-F57A58BD460D}.Release|Any CPU.ActiveCfg = Release|Any CPU
		{C155BE15-87D0-4439-BC18-F57A58BD460D}.Release|Any CPU.Build.0 = Release|Any CPU
		{DFF7C3DD-EC1C-48E4-A9B6-B74B9F778F13}.Debug|Any CPU.ActiveCfg = Debug|Any CPU
		{DFF7C3DD-EC1C-48E4-A9B6-B74B9F778F13}.Debug|Any CPU.Build.0 = Debug|Any CPU
		{DFF7C3DD-EC1C-48E4-A9B6-B74B9F778F13}.Release|Any CPU.ActiveCfg = Release|Any CPU
		{DFF7C3DD-EC1C-48E4-A9B6-B74B9F778F13}.Release|Any CPU.Build.0 = Release|Any CPU
		{6B3512C7-66AF-4F41-A2A4-9FBA66E13E6C}.Debug|Any CPU.ActiveCfg = Debug|Any CPU
		{6B3512C7-66AF-4F41-A2A4-9FBA66E13E6C}.Debug|Any CPU.Build.0 = Debug|Any CPU
		{6B3512C7-66AF-4F41-A2A4-9FBA66E13E6C}.Release|Any CPU.ActiveCfg = Release|Any CPU
		{6B3512C7-66AF-4F41-A2A4-9FBA66E13E6C}.Release|Any CPU.Build.0 = Release|Any CPU
		{ECCA68EF-F842-4A3B-A880-8EE7B0A18858}.Debug|Any CPU.ActiveCfg = Debug|Any CPU
		{ECCA68EF-F842-4A3B-A880-8EE7B0A18858}.Debug|Any CPU.Build.0 = Debug|Any CPU
		{ECCA68EF-F842-4A3B-A880-8EE7B0A18858}.Release|Any CPU.ActiveCfg = Release|Any CPU
		{ECCA68EF-F842-4A3B-A880-8EE7B0A18858}.Release|Any CPU.Build.0 = Release|Any CPU
		{8F2672DA-4956-4233-BCFE-5C95BEC7A481}.Debug|Any CPU.ActiveCfg = Debug|Any CPU
		{8F2672DA-4956-4233-BCFE-5C95BEC7A481}.Debug|Any CPU.Build.0 = Debug|Any CPU
		{8F2672DA-4956-4233-BCFE-5C95BEC7A481}.Release|Any CPU.ActiveCfg = Release|Any CPU
		{8F2672DA-4956-4233-BCFE-5C95BEC7A481}.Release|Any CPU.Build.0 = Release|Any CPU
		{95DABAC5-769A-4E60-BB87-2BD6EA92E61A}.Debug|Any CPU.ActiveCfg = Debug|Any CPU
		{95DABAC5-769A-4E60-BB87-2BD6EA92E61A}.Debug|Any CPU.Build.0 = Debug|Any CPU
		{95DABAC5-769A-4E60-BB87-2BD6EA92E61A}.Release|Any CPU.ActiveCfg = Release|Any CPU
		{95DABAC5-769A-4E60-BB87-2BD6EA92E61A}.Release|Any CPU.Build.0 = Release|Any CPU
		{E71D9CEA-BCED-4760-9618-142CACE44FAF}.Debug|Any CPU.ActiveCfg = Debug|Any CPU
		{E71D9CEA-BCED-4760-9618-142CACE44FAF}.Debug|Any CPU.Build.0 = Debug|Any CPU
		{E71D9CEA-BCED-4760-9618-142CACE44FAF}.Release|Any CPU.ActiveCfg = Release|Any CPU
		{E71D9CEA-BCED-4760-9618-142CACE44FAF}.Release|Any CPU.Build.0 = Release|Any CPU
		{7C1C65BD-5D1C-43B1-8B42-7A938E4249EC}.Debug|Any CPU.ActiveCfg = Debug|Any CPU
		{7C1C65BD-5D1C-43B1-8B42-7A938E4249EC}.Debug|Any CPU.Build.0 = Debug|Any CPU
		{7C1C65BD-5D1C-43B1-8B42-7A938E4249EC}.Release|Any CPU.ActiveCfg = Release|Any CPU
		{7C1C65BD-5D1C-43B1-8B42-7A938E4249EC}.Release|Any CPU.Build.0 = Release|Any CPU
		{349A7FB2-0F13-498A-B00A-F14B2F570C98}.Debug|Any CPU.ActiveCfg = Debug|Any CPU
		{349A7FB2-0F13-498A-B00A-F14B2F570C98}.Debug|Any CPU.Build.0 = Debug|Any CPU
		{349A7FB2-0F13-498A-B00A-F14B2F570C98}.Release|Any CPU.ActiveCfg = Release|Any CPU
		{349A7FB2-0F13-498A-B00A-F14B2F570C98}.Release|Any CPU.Build.0 = Release|Any CPU
		{8B5FAE71-5E15-40D2-A621-64C22F86EA26}.Debug|Any CPU.ActiveCfg = Debug|Any CPU
		{8B5FAE71-5E15-40D2-A621-64C22F86EA26}.Debug|Any CPU.Build.0 = Debug|Any CPU
		{8B5FAE71-5E15-40D2-A621-64C22F86EA26}.Release|Any CPU.ActiveCfg = Release|Any CPU
		{8B5FAE71-5E15-40D2-A621-64C22F86EA26}.Release|Any CPU.Build.0 = Release|Any CPU
		{CEB895DA-DD8D-480A-BA50-58964DCF7DDE}.Debug|Any CPU.ActiveCfg = Debug|Any CPU
		{CEB895DA-DD8D-480A-BA50-58964DCF7DDE}.Debug|Any CPU.Build.0 = Debug|Any CPU
		{CEB895DA-DD8D-480A-BA50-58964DCF7DDE}.Release|Any CPU.ActiveCfg = Release|Any CPU
		{CEB895DA-DD8D-480A-BA50-58964DCF7DDE}.Release|Any CPU.Build.0 = Release|Any CPU
	EndGlobalSection
	GlobalSection(SolutionProperties) = preSolution
		HideSolutionNode = FALSE
	EndGlobalSection
	GlobalSection(ExtensibilityGlobals) = postSolution
		SolutionGuid = {093BCEE2-4714-4C86-978E-3A08F1E13E0C}
	EndGlobalSection
EndGlobal
