
Microsoft Visual Studio Solution File, Format Version 12.00
# Visual Studio 15
VisualStudioVersion = 15.0.28010.2046
MinimumVisualStudioVersion = 10.0.40219.1
Project("{FAE04EC0-301F-11D3-BF4B-00C04F79EFBC}") = "EventRoutingTest", "EventRoutingTest\EventRoutingTest.csproj", "{B848DFA4-3547-4968-8B72-36A4B69C4630}"
EndProject
Project("{FAE04EC0-301F-11D3-BF4B-00C04F79EFBC}") = "TunnelingEvent", "TunnelingEvent\TunnelingEvent.csproj", "{971C2CBA-6D8D-4BC0-8C6D-082088CEF642}"
EndProject
Global
	GlobalSection(SolutionConfigurationPlatforms) = preSolution
		Debug|Any CPU = Debug|Any CPU
		Release|Any CPU = Release|Any CPU
	EndGlobalSection
	GlobalSection(ProjectConfigurationPlatforms) = postSolution
		{B848DFA4-3547-4968-8B72-36A4B69C4630}.Debug|Any CPU.ActiveCfg = Debug|Any CPU
		{B848DFA4-3547-4968-8B72-36A4B69C4630}.Debug|Any CPU.Build.0 = Debug|Any CPU
		{B848DFA4-3547-4968-8B72-36A4B69C4630}.Release|Any CPU.ActiveCfg = Release|Any CPU
		{B848DFA4-3547-4968-8B72-36A4B69C4630}.Release|Any CPU.Build.0 = Release|Any CPU
		{971C2CBA-6D8D-4BC0-8C6D-082088CEF642}.Debug|Any CPU.ActiveCfg = Debug|Any CPU
		{971C2CBA-6D8D-4BC0-8C6D-082088CEF642}.Debug|Any CPU.Build.0 = Debug|Any CPU
		{971C2CBA-6D8D-4BC0-8C6D-082088CEF642}.Release|Any CPU.ActiveCfg = Release|Any CPU
		{971C2CBA-6D8D-4BC0-8C6D-082088CEF642}.Release|Any CPU.Build.0 = Release|Any CPU
	EndGlobalSection
	GlobalSection(SolutionProperties) = preSolution
		HideSolutionNode = FALSE
	EndGlobalSection
	GlobalSection(ExtensibilityGlobals) = postSolution
		SolutionGuid = {8A84AC0E-ACE1-4A91-8D28-EE38E9B07027}
	EndGlobalSection
EndGlobal
