
Microsoft Visual Studio Solution File, Format Version 12.00
# Visual Studio 15
VisualStudioVersion = 15.0.28010.2046
MinimumVisualStudioVersion = 10.0.40219.1
Project("{FAE04EC0-301F-11D3-BF4B-00C04F79EFBC}") = "OracleTest", "OracleTest\OracleTest.csproj", "{794ED1ED-EECA-44BA-9EC8-47B979738430}"
EndProject
Project("{FAE04EC0-301F-11D3-BF4B-00C04F79EFBC}") = "ConsoleApp1", "ConsoleApp1\ConsoleApp1.csproj", "{CA06D07E-AC94-497B-B913-9EC48B9EBB94}"
EndProject
Project("{FAE04EC0-301F-11D3-BF4B-00C04F79EFBC}") = "TransactionExam", "TransactionExam\TransactionExam.csproj", "{C26B55E3-22FC-4F3B-B003-AB269494E310}"
EndProject
Project("{FAE04EC0-301F-11D3-BF4B-00C04F79EFBC}") = "ConsoleApp2", "ConsoleApp2\ConsoleApp2.csproj", "{87F8AADB-C3AC-4C34-9A36-30038C6CED36}"
EndProject
Project("{FAE04EC0-301F-11D3-BF4B-00C04F79EFBC}") = "ConsoleApp3", "ConsoleApp3\ConsoleApp3.csproj", "{C2AF416E-E56B-43F0-B662-A1CB1CC3050F}"
EndProject
Project("{FAE04EC0-301F-11D3-BF4B-00C04F79EFBC}") = "ConsoleApp4", "ConsoleApp4\ConsoleApp4.csproj", "{B6D4D4C6-D4AB-4A88-BA7C-24296044837A}"
EndProject
Global
	GlobalSection(SolutionConfigurationPlatforms) = preSolution
		Debug|Any CPU = Debug|Any CPU
		Release|Any CPU = Release|Any CPU
	EndGlobalSection
	GlobalSection(ProjectConfigurationPlatforms) = postSolution
		{794ED1ED-EECA-44BA-9EC8-47B979738430}.Debug|Any CPU.ActiveCfg = Debug|Any CPU
		{794ED1ED-EECA-44BA-9EC8-47B979738430}.Debug|Any CPU.Build.0 = Debug|Any CPU
		{794ED1ED-EECA-44BA-9EC8-47B979738430}.Release|Any CPU.ActiveCfg = Release|Any CPU
		{794ED1ED-EECA-44BA-9EC8-47B979738430}.Release|Any CPU.Build.0 = Release|Any CPU
		{CA06D07E-AC94-497B-B913-9EC48B9EBB94}.Debug|Any CPU.ActiveCfg = Debug|Any CPU
		{CA06D07E-AC94-497B-B913-9EC48B9EBB94}.Debug|Any CPU.Build.0 = Debug|Any CPU
		{CA06D07E-AC94-497B-B913-9EC48B9EBB94}.Release|Any CPU.ActiveCfg = Release|Any CPU
		{CA06D07E-AC94-497B-B913-9EC48B9EBB94}.Release|Any CPU.Build.0 = Release|Any CPU
		{C26B55E3-22FC-4F3B-B003-AB269494E310}.Debug|Any CPU.ActiveCfg = Debug|Any CPU
		{C26B55E3-22FC-4F3B-B003-AB269494E310}.Debug|Any CPU.Build.0 = Debug|Any CPU
		{C26B55E3-22FC-4F3B-B003-AB269494E310}.Release|Any CPU.ActiveCfg = Release|Any CPU
		{C26B55E3-22FC-4F3B-B003-AB269494E310}.Release|Any CPU.Build.0 = Release|Any CPU
		{87F8AADB-C3AC-4C34-9A36-30038C6CED36}.Debug|Any CPU.ActiveCfg = Debug|Any CPU
		{87F8AADB-C3AC-4C34-9A36-30038C6CED36}.Debug|Any CPU.Build.0 = Debug|Any CPU
		{87F8AADB-C3AC-4C34-9A36-30038C6CED36}.Release|Any CPU.ActiveCfg = Release|Any CPU
		{87F8AADB-C3AC-4C34-9A36-30038C6CED36}.Release|Any CPU.Build.0 = Release|Any CPU
		{C2AF416E-E56B-43F0-B662-A1CB1CC3050F}.Debug|Any CPU.ActiveCfg = Debug|Any CPU
		{C2AF416E-E56B-43F0-B662-A1CB1CC3050F}.Debug|Any CPU.Build.0 = Debug|Any CPU
		{C2AF416E-E56B-43F0-B662-A1CB1CC3050F}.Release|Any CPU.ActiveCfg = Release|Any CPU
		{C2AF416E-E56B-43F0-B662-A1CB1CC3050F}.Release|Any CPU.Build.0 = Release|Any CPU
		{B6D4D4C6-D4AB-4A88-BA7C-24296044837A}.Debug|Any CPU.ActiveCfg = Debug|Any CPU
		{B6D4D4C6-D4AB-4A88-BA7C-24296044837A}.Debug|Any CPU.Build.0 = Debug|Any CPU
		{B6D4D4C6-D4AB-4A88-BA7C-24296044837A}.Release|Any CPU.ActiveCfg = Release|Any CPU
		{B6D4D4C6-D4AB-4A88-BA7C-24296044837A}.Release|Any CPU.Build.0 = Release|Any CPU
	EndGlobalSection
	GlobalSection(SolutionProperties) = preSolution
		HideSolutionNode = FALSE
	EndGlobalSection
	GlobalSection(ExtensibilityGlobals) = postSolution
		SolutionGuid = {7637F667-35A3-4AE3-928A-89D1FFDFB90D}
	EndGlobalSection
EndGlobal
