
Microsoft Visual Studio Solution File, Format Version 12.00
# Visual Studio 15
VisualStudioVersion = 15.0.28010.2046
MinimumVisualStudioVersion = 10.0.40219.1
Project("{FAE04EC0-301F-11D3-BF4B-00C04F79EFBC}") = "HelloWorld", "HelloWorld\HelloWorld.csproj", "{201BA838-FFA4-46BD-BF1B-51CD6A977C07}"
EndProject
Project("{FAE04EC0-301F-11D3-BF4B-00C04F79EFBC}") = "ConsoleApp1", "ConsoleApp1\ConsoleApp1.csproj", "{E4843C67-5B56-482D-B164-CDCBFFB1CE08}"
EndProject
Project("{FAE04EC0-301F-11D3-BF4B-00C04F79EFBC}") = "ConsoleApp3", "ConsoleApp3\ConsoleApp3.csproj", "{6F9FCB3F-C9BC-43EB-A527-47ABEE08A0FC}"
EndProject
Project("{FAE04EC0-301F-11D3-BF4B-00C04F79EFBC}") = "ConsoleApp4", "ConsoleApp4\ConsoleApp4.csproj", "{2B42069D-A8C3-4895-B1B9-2FC10E372D93}"
EndProject
Project("{FAE04EC0-301F-11D3-BF4B-00C04F79EFBC}") = "ConsoleApp5", "ConsoleApp5\ConsoleApp5.csproj", "{CB13776D-B4FB-4912-AD4A-CC44069DCC07}"
EndProject
Project("{FAE04EC0-301F-11D3-BF4B-00C04F79EFBC}") = "ConsoleApp6", "ConsoleApp6\ConsoleApp6.csproj", "{808D6567-6F75-4061-9EF1-68240877D41A}"
EndProject
Project("{FAE04EC0-301F-11D3-BF4B-00C04F79EFBC}") = "ConsoleApp7", "ConsoleApp7\ConsoleApp7.csproj", "{347E4EC2-AB2E-49F4-B680-75D484819ED2}"
EndProject
Project("{FAE04EC0-301F-11D3-BF4B-00C04F79EFBC}") = "ConsoleApp8", "ConsoleApp8\ConsoleApp8.csproj", "{3CFB4633-46B7-4C22-BD77-84F61B6AFE54}"
EndProject
Project("{FAE04EC0-301F-11D3-BF4B-00C04F79EFBC}") = "ConsoleApp9", "ConsoleApp9\ConsoleApp9.csproj", "{8159105D-F7B0-4C12-B200-A9343A0BDEDC}"
EndProject
Project("{FAE04EC0-301F-11D3-BF4B-00C04F79EFBC}") = "ConsoleApp10", "ConsoleApp10\ConsoleApp10.csproj", "{CCC2B477-D2A9-440C-BDCD-60A23DDFBACD}"
EndProject
Project("{FAE04EC0-301F-11D3-BF4B-00C04F79EFBC}") = "ConsoleApp11", "ConsoleApp11\ConsoleApp11.csproj", "{E52AAA20-6956-48BE-A64D-2FD3896A4799}"
EndProject
Project("{FAE04EC0-301F-11D3-BF4B-00C04F79EFBC}") = "ConsoleApp12", "ConsoleApp12\ConsoleApp12.csproj", "{26E524B5-A774-47E8-8648-9BC250B76C55}"
EndProject
Project("{FAE04EC0-301F-11D3-BF4B-00C04F79EFBC}") = "ConsoleApp13", "ConsoleApp13\ConsoleApp13.csproj", "{72BC82CB-3FFC-4753-BDE3-8A8D3E06316C}"
EndProject
Project("{FAE04EC0-301F-11D3-BF4B-00C04F79EFBC}") = "ConsoleApp14", "ConsoleApp14\ConsoleApp14.csproj", "{AF8008F5-5EAB-45E5-B680-5F60D904B6BA}"
EndProject
Project("{FAE04EC0-301F-11D3-BF4B-00C04F79EFBC}") = "ConsoleApp15", "ConsoleApp15\ConsoleApp15.csproj", "{29013CEE-664C-43A2-B570-E3F8E00E15D7}"
EndProject
Project("{FAE04EC0-301F-11D3-BF4B-00C04F79EFBC}") = "ConsoleApp16", "ConsoleApp16\ConsoleApp16.csproj", "{D9068B93-CACD-495E-A03A-E9E8E393A0EB}"
EndProject
Project("{FAE04EC0-301F-11D3-BF4B-00C04F79EFBC}") = "ConsoleApp2", "ConsoleApp2\ConsoleApp2.csproj", "{17988028-6263-42EA-86FA-55C5122B9814}"
EndProject
Project("{FAE04EC0-301F-11D3-BF4B-00C04F79EFBC}") = "ConsoleApp17", "ConsoleApp17\ConsoleApp17.csproj", "{B45D6831-FEA3-4771-B77D-71DECA9971AC}"
EndProject
Project("{FAE04EC0-301F-11D3-BF4B-00C04F79EFBC}") = "ConsoleApp18", "ConsoleApp18\ConsoleApp18.csproj", "{CE51B109-95BD-4BC7-A18E-20B6E9B53F3D}"
EndProject
Project("{FAE04EC0-301F-11D3-BF4B-00C04F79EFBC}") = "ConsoleApp19", "ConsoleApp19\ConsoleApp19.csproj", "{876019FD-49AA-4150-8D82-BBE04579BD6B}"
EndProject
Project("{FAE04EC0-301F-11D3-BF4B-00C04F79EFBC}") = "ConsoleApp20", "ConsoleApp20\ConsoleApp20.csproj", "{A8EE8354-E8F4-446A-AD28-182A62D388F4}"
EndProject
Project("{FAE04EC0-301F-11D3-BF4B-00C04F79EFBC}") = "ConsoleApp21", "ConsoleApp21\ConsoleApp21.csproj", "{A5F6A46A-8A42-4DFE-9D36-B78397B3DAFA}"
EndProject
Project("{FAE04EC0-301F-11D3-BF4B-00C04F79EFBC}") = "ConsoleApp22", "ConsoleApp22\ConsoleApp22.csproj", "{7BC98A55-99BD-48DB-9F8B-DE281EFA1028}"
EndProject
Project("{FAE04EC0-301F-11D3-BF4B-00C04F79EFBC}") = "ConsoleApp23", "ConsoleApp23\ConsoleApp23.csproj", "{979689E1-4308-4B60-8B74-24DBF2BBD794}"
EndProject
Project("{FAE04EC0-301F-11D3-BF4B-00C04F79EFBC}") = "ConsoleApp24", "ConsoleApp24\ConsoleApp24.csproj", "{02347847-E22C-4A45-BE9B-5D9C9FE7D00F}"
EndProject
Project("{FAE04EC0-301F-11D3-BF4B-00C04F79EFBC}") = "ConsoleApp25", "ConsoleApp25\ConsoleApp25.csproj", "{084946FB-528C-4D32-9ECB-93A2C7910AB7}"
EndProject
Project("{FAE04EC0-301F-11D3-BF4B-00C04F79EFBC}") = "ConsoleApp26", "ConsoleApp26\ConsoleApp26.csproj", "{9C358914-B62C-470E-B175-A9BFD24E99BB}"
EndProject
Project("{FAE04EC0-301F-11D3-BF4B-00C04F79EFBC}") = "ConsoleApp27", "ConsoleApp27\ConsoleApp27.csproj", "{24EF0294-9BA9-461B-92F4-007810D5D030}"
EndProject
Project("{FAE04EC0-301F-11D3-BF4B-00C04F79EFBC}") = "ConsoleApp28", "ConsoleApp28\ConsoleApp28.csproj", "{E251F66F-9926-419C-83F5-697A0FC99131}"
EndProject
Project("{FAE04EC0-301F-11D3-BF4B-00C04F79EFBC}") = "ConsoleApp29", "ConsoleApp29\ConsoleApp29.csproj", "{9452507C-894E-4AA9-869E-491C2C36C046}"
EndProject
Project("{FAE04EC0-301F-11D3-BF4B-00C04F79EFBC}") = "ConsoleApp30", "ConsoleApp30\ConsoleApp30.csproj", "{E0A827DD-EB57-4155-9FCC-2B1919DA7B5C}"
EndProject
Project("{FAE04EC0-301F-11D3-BF4B-00C04F79EFBC}") = "ConsoleApp31", "ConsoleApp31\ConsoleApp31.csproj", "{46DE3A7A-9C76-48B0-B7CA-81519BFF2161}"
EndProject
Project("{FAE04EC0-301F-11D3-BF4B-00C04F79EFBC}") = "ConsoleApp32", "ConsoleApp32\ConsoleApp32.csproj", "{70B0CEC7-D3E3-4455-8B47-764259277B92}"
EndProject
Project("{FAE04EC0-301F-11D3-BF4B-00C04F79EFBC}") = "ConsoleApp33", "ConsoleApp33\ConsoleApp33.csproj", "{3E43FEF8-1F2A-479B-82CA-74FEB2EA4B34}"
EndProject
Project("{FAE04EC0-301F-11D3-BF4B-00C04F79EFBC}") = "ConsoleApp34", "ConsoleApp34\ConsoleApp34.csproj", "{D363A2CD-CEF5-482F-AEBE-FA971EF18FF9}"
EndProject
Project("{FAE04EC0-301F-11D3-BF4B-00C04F79EFBC}") = "ConsoleApp35", "ConsoleApp35\ConsoleApp35.csproj", "{C9B42258-139F-4A54-B9DA-F34611E7CD85}"
EndProject
Project("{FAE04EC0-301F-11D3-BF4B-00C04F79EFBC}") = "ConsoleApp36", "ConsoleApp36\ConsoleApp36.csproj", "{6675CB5C-BED9-4A38-B7F6-493D20E590E5}"
EndProject
Project("{FAE04EC0-301F-11D3-BF4B-00C04F79EFBC}") = "ConsoleApp38", "ConsoleApp38\ConsoleApp38.csproj", "{138F8607-A5D1-4D3C-BB15-99D972B1CA96}"
EndProject
Project("{FAE04EC0-301F-11D3-BF4B-00C04F79EFBC}") = "ConsoleApp39", "ConsoleApp39\ConsoleApp39.csproj", "{EB982863-3015-404A-B3F2-2D598984AB58}"
EndProject
Project("{FAE04EC0-301F-11D3-BF4B-00C04F79EFBC}") = "ConsoleApp40", "ConsoleApp40\ConsoleApp40.csproj", "{9B3D4B91-D1F5-4022-81D3-DFA6F2CF5B6D}"
EndProject
Project("{FAE04EC0-301F-11D3-BF4B-00C04F79EFBC}") = "ConsoleApp41", "ConsoleApp41\ConsoleApp41.csproj", "{FDD1568A-5DFA-4094-8835-23CCE597EA83}"
EndProject
Project("{FAE04EC0-301F-11D3-BF4B-00C04F79EFBC}") = "ConsoleApp42", "ConsoleApp42\ConsoleApp42.csproj", "{9CC7E579-BCD4-4972-B957-1C9921B0535B}"
EndProject
Project("{FAE04EC0-301F-11D3-BF4B-00C04F79EFBC}") = "ConsoleApp43", "ConsoleApp43\ConsoleApp43.csproj", "{60037A0C-168E-4DD9-95D2-C3DED69AAFB6}"
EndProject
Project("{FAE04EC0-301F-11D3-BF4B-00C04F79EFBC}") = "ConsoleApp44", "ConsoleApp44\ConsoleApp44.csproj", "{2B595525-0A68-4725-BD6F-13102970A4AE}"
EndProject
Project("{FAE04EC0-301F-11D3-BF4B-00C04F79EFBC}") = "ConsoleApp45", "ConsoleApp45\ConsoleApp45.csproj", "{29A8B109-EB68-422C-9BDA-895F06EBC9E6}"
EndProject
Project("{FAE04EC0-301F-11D3-BF4B-00C04F79EFBC}") = "ConsoleApp46", "ConsoleApp46\ConsoleApp46.csproj", "{EEF388C2-E803-431C-BE74-21AA495864ED}"
EndProject
Project("{FAE04EC0-301F-11D3-BF4B-00C04F79EFBC}") = "ConsoleApp47", "ConsoleApp47\ConsoleApp47.csproj", "{BE79A3E9-2352-4B11-997A-7C044EAF5B1B}"
EndProject
Project("{FAE04EC0-301F-11D3-BF4B-00C04F79EFBC}") = "ConsoleApp48", "ConsoleApp48\ConsoleApp48.csproj", "{F025C422-56CD-477D-8361-C309F464D294}"
EndProject
Project("{FAE04EC0-301F-11D3-BF4B-00C04F79EFBC}") = "ConsoleApp49", "ConsoleApp49\ConsoleApp49.csproj", "{17966ADA-897B-4A36-A413-90462EF242EC}"
EndProject
Project("{FAE04EC0-301F-11D3-BF4B-00C04F79EFBC}") = "ConsoleApp50", "ConsoleApp50\ConsoleApp50.csproj", "{83A86382-A7EB-45C6-BCD3-E466235A371B}"
EndProject
Project("{FAE04EC0-301F-11D3-BF4B-00C04F79EFBC}") = "ConsoleApp51", "ConsoleApp51\ConsoleApp51.csproj", "{4B5518D5-B2BB-4721-A868-F413EDD864C2}"
EndProject
Global
	GlobalSection(SolutionConfigurationPlatforms) = preSolution
		Debug|Any CPU = Debug|Any CPU
		Release|Any CPU = Release|Any CPU
	EndGlobalSection
	GlobalSection(ProjectConfigurationPlatforms) = postSolution
		{201BA838-FFA4-46BD-BF1B-51CD6A977C07}.Debug|Any CPU.ActiveCfg = Debug|Any CPU
		{201BA838-FFA4-46BD-BF1B-51CD6A977C07}.Debug|Any CPU.Build.0 = Debug|Any CPU
		{201BA838-FFA4-46BD-BF1B-51CD6A977C07}.Release|Any CPU.ActiveCfg = Release|Any CPU
		{201BA838-FFA4-46BD-BF1B-51CD6A977C07}.Release|Any CPU.Build.0 = Release|Any CPU
		{E4843C67-5B56-482D-B164-CDCBFFB1CE08}.Debug|Any CPU.ActiveCfg = Debug|Any CPU
		{E4843C67-5B56-482D-B164-CDCBFFB1CE08}.Debug|Any CPU.Build.0 = Debug|Any CPU
		{E4843C67-5B56-482D-B164-CDCBFFB1CE08}.Release|Any CPU.ActiveCfg = Release|Any CPU
		{E4843C67-5B56-482D-B164-CDCBFFB1CE08}.Release|Any CPU.Build.0 = Release|Any CPU
		{6F9FCB3F-C9BC-43EB-A527-47ABEE08A0FC}.Debug|Any CPU.ActiveCfg = Debug|Any CPU
		{6F9FCB3F-C9BC-43EB-A527-47ABEE08A0FC}.Debug|Any CPU.Build.0 = Debug|Any CPU
		{6F9FCB3F-C9BC-43EB-A527-47ABEE08A0FC}.Release|Any CPU.ActiveCfg = Release|Any CPU
		{6F9FCB3F-C9BC-43EB-A527-47ABEE08A0FC}.Release|Any CPU.Build.0 = Release|Any CPU
		{2B42069D-A8C3-4895-B1B9-2FC10E372D93}.Debug|Any CPU.ActiveCfg = Debug|Any CPU
		{2B42069D-A8C3-4895-B1B9-2FC10E372D93}.Debug|Any CPU.Build.0 = Debug|Any CPU
		{2B42069D-A8C3-4895-B1B9-2FC10E372D93}.Release|Any CPU.ActiveCfg = Release|Any CPU
		{2B42069D-A8C3-4895-B1B9-2FC10E372D93}.Release|Any CPU.Build.0 = Release|Any CPU
		{CB13776D-B4FB-4912-AD4A-CC44069DCC07}.Debug|Any CPU.ActiveCfg = Debug|Any CPU
		{CB13776D-B4FB-4912-AD4A-CC44069DCC07}.Debug|Any CPU.Build.0 = Debug|Any CPU
		{CB13776D-B4FB-4912-AD4A-CC44069DCC07}.Release|Any CPU.ActiveCfg = Release|Any CPU
		{CB13776D-B4FB-4912-AD4A-CC44069DCC07}.Release|Any CPU.Build.0 = Release|Any CPU
		{808D6567-6F75-4061-9EF1-68240877D41A}.Debug|Any CPU.ActiveCfg = Debug|Any CPU
		{808D6567-6F75-4061-9EF1-68240877D41A}.Debug|Any CPU.Build.0 = Debug|Any CPU
		{808D6567-6F75-4061-9EF1-68240877D41A}.Release|Any CPU.ActiveCfg = Release|Any CPU
		{808D6567-6F75-4061-9EF1-68240877D41A}.Release|Any CPU.Build.0 = Release|Any CPU
		{347E4EC2-AB2E-49F4-B680-75D484819ED2}.Debug|Any CPU.ActiveCfg = Debug|Any CPU
		{347E4EC2-AB2E-49F4-B680-75D484819ED2}.Debug|Any CPU.Build.0 = Debug|Any CPU
		{347E4EC2-AB2E-49F4-B680-75D484819ED2}.Release|Any CPU.ActiveCfg = Release|Any CPU
		{347E4EC2-AB2E-49F4-B680-75D484819ED2}.Release|Any CPU.Build.0 = Release|Any CPU
		{3CFB4633-46B7-4C22-BD77-84F61B6AFE54}.Debug|Any CPU.ActiveCfg = Debug|Any CPU
		{3CFB4633-46B7-4C22-BD77-84F61B6AFE54}.Debug|Any CPU.Build.0 = Debug|Any CPU
		{3CFB4633-46B7-4C22-BD77-84F61B6AFE54}.Release|Any CPU.ActiveCfg = Release|Any CPU
		{3CFB4633-46B7-4C22-BD77-84F61B6AFE54}.Release|Any CPU.Build.0 = Release|Any CPU
		{8159105D-F7B0-4C12-B200-A9343A0BDEDC}.Debug|Any CPU.ActiveCfg = Debug|Any CPU
		{8159105D-F7B0-4C12-B200-A9343A0BDEDC}.Debug|Any CPU.Build.0 = Debug|Any CPU
		{8159105D-F7B0-4C12-B200-A9343A0BDEDC}.Release|Any CPU.ActiveCfg = Release|Any CPU
		{8159105D-F7B0-4C12-B200-A9343A0BDEDC}.Release|Any CPU.Build.0 = Release|Any CPU
		{CCC2B477-D2A9-440C-BDCD-60A23DDFBACD}.Debug|Any CPU.ActiveCfg = Debug|Any CPU
		{CCC2B477-D2A9-440C-BDCD-60A23DDFBACD}.Debug|Any CPU.Build.0 = Debug|Any CPU
		{CCC2B477-D2A9-440C-BDCD-60A23DDFBACD}.Release|Any CPU.ActiveCfg = Release|Any CPU
		{CCC2B477-D2A9-440C-BDCD-60A23DDFBACD}.Release|Any CPU.Build.0 = Release|Any CPU
		{E52AAA20-6956-48BE-A64D-2FD3896A4799}.Debug|Any CPU.ActiveCfg = Debug|Any CPU
		{E52AAA20-6956-48BE-A64D-2FD3896A4799}.Debug|Any CPU.Build.0 = Debug|Any CPU
		{E52AAA20-6956-48BE-A64D-2FD3896A4799}.Release|Any CPU.ActiveCfg = Release|Any CPU
		{E52AAA20-6956-48BE-A64D-2FD3896A4799}.Release|Any CPU.Build.0 = Release|Any CPU
		{26E524B5-A774-47E8-8648-9BC250B76C55}.Debug|Any CPU.ActiveCfg = Debug|Any CPU
		{26E524B5-A774-47E8-8648-9BC250B76C55}.Debug|Any CPU.Build.0 = Debug|Any CPU
		{26E524B5-A774-47E8-8648-9BC250B76C55}.Release|Any CPU.ActiveCfg = Release|Any CPU
		{26E524B5-A774-47E8-8648-9BC250B76C55}.Release|Any CPU.Build.0 = Release|Any CPU
		{72BC82CB-3FFC-4753-BDE3-8A8D3E06316C}.Debug|Any CPU.ActiveCfg = Debug|Any CPU
		{72BC82CB-3FFC-4753-BDE3-8A8D3E06316C}.Debug|Any CPU.Build.0 = Debug|Any CPU
		{72BC82CB-3FFC-4753-BDE3-8A8D3E06316C}.Release|Any CPU.ActiveCfg = Release|Any CPU
		{72BC82CB-3FFC-4753-BDE3-8A8D3E06316C}.Release|Any CPU.Build.0 = Release|Any CPU
		{AF8008F5-5EAB-45E5-B680-5F60D904B6BA}.Debug|Any CPU.ActiveCfg = Debug|Any CPU
		{AF8008F5-5EAB-45E5-B680-5F60D904B6BA}.Debug|Any CPU.Build.0 = Debug|Any CPU
		{AF8008F5-5EAB-45E5-B680-5F60D904B6BA}.Release|Any CPU.ActiveCfg = Release|Any CPU
		{AF8008F5-5EAB-45E5-B680-5F60D904B6BA}.Release|Any CPU.Build.0 = Release|Any CPU
		{29013CEE-664C-43A2-B570-E3F8E00E15D7}.Debug|Any CPU.ActiveCfg = Debug|Any CPU
		{29013CEE-664C-43A2-B570-E3F8E00E15D7}.Debug|Any CPU.Build.0 = Debug|Any CPU
		{29013CEE-664C-43A2-B570-E3F8E00E15D7}.Release|Any CPU.ActiveCfg = Release|Any CPU
		{29013CEE-664C-43A2-B570-E3F8E00E15D7}.Release|Any CPU.Build.0 = Release|Any CPU
		{D9068B93-CACD-495E-A03A-E9E8E393A0EB}.Debug|Any CPU.ActiveCfg = Debug|Any CPU
		{D9068B93-CACD-495E-A03A-E9E8E393A0EB}.Debug|Any CPU.Build.0 = Debug|Any CPU
		{D9068B93-CACD-495E-A03A-E9E8E393A0EB}.Release|Any CPU.ActiveCfg = Release|Any CPU
		{D9068B93-CACD-495E-A03A-E9E8E393A0EB}.Release|Any CPU.Build.0 = Release|Any CPU
		{17988028-6263-42EA-86FA-55C5122B9814}.Debug|Any CPU.ActiveCfg = Debug|Any CPU
		{17988028-6263-42EA-86FA-55C5122B9814}.Debug|Any CPU.Build.0 = Debug|Any CPU
		{17988028-6263-42EA-86FA-55C5122B9814}.Release|Any CPU.ActiveCfg = Release|Any CPU
		{17988028-6263-42EA-86FA-55C5122B9814}.Release|Any CPU.Build.0 = Release|Any CPU
		{B45D6831-FEA3-4771-B77D-71DECA9971AC}.Debug|Any CPU.ActiveCfg = Debug|Any CPU
		{B45D6831-FEA3-4771-B77D-71DECA9971AC}.Debug|Any CPU.Build.0 = Debug|Any CPU
		{B45D6831-FEA3-4771-B77D-71DECA9971AC}.Release|Any CPU.ActiveCfg = Release|Any CPU
		{B45D6831-FEA3-4771-B77D-71DECA9971AC}.Release|Any CPU.Build.0 = Release|Any CPU
		{CE51B109-95BD-4BC7-A18E-20B6E9B53F3D}.Debug|Any CPU.ActiveCfg = Debug|Any CPU
		{CE51B109-95BD-4BC7-A18E-20B6E9B53F3D}.Debug|Any CPU.Build.0 = Debug|Any CPU
		{CE51B109-95BD-4BC7-A18E-20B6E9B53F3D}.Release|Any CPU.ActiveCfg = Release|Any CPU
		{CE51B109-95BD-4BC7-A18E-20B6E9B53F3D}.Release|Any CPU.Build.0 = Release|Any CPU
		{876019FD-49AA-4150-8D82-BBE04579BD6B}.Debug|Any CPU.ActiveCfg = Debug|Any CPU
		{876019FD-49AA-4150-8D82-BBE04579BD6B}.Debug|Any CPU.Build.0 = Debug|Any CPU
		{876019FD-49AA-4150-8D82-BBE04579BD6B}.Release|Any CPU.ActiveCfg = Release|Any CPU
		{876019FD-49AA-4150-8D82-BBE04579BD6B}.Release|Any CPU.Build.0 = Release|Any CPU
		{A8EE8354-E8F4-446A-AD28-182A62D388F4}.Debug|Any CPU.ActiveCfg = Debug|Any CPU
		{A8EE8354-E8F4-446A-AD28-182A62D388F4}.Debug|Any CPU.Build.0 = Debug|Any CPU
		{A8EE8354-E8F4-446A-AD28-182A62D388F4}.Release|Any CPU.ActiveCfg = Release|Any CPU
		{A8EE8354-E8F4-446A-AD28-182A62D388F4}.Release|Any CPU.Build.0 = Release|Any CPU
		{A5F6A46A-8A42-4DFE-9D36-B78397B3DAFA}.Debug|Any CPU.ActiveCfg = Debug|Any CPU
		{A5F6A46A-8A42-4DFE-9D36-B78397B3DAFA}.Debug|Any CPU.Build.0 = Debug|Any CPU
		{A5F6A46A-8A42-4DFE-9D36-B78397B3DAFA}.Release|Any CPU.ActiveCfg = Release|Any CPU
		{A5F6A46A-8A42-4DFE-9D36-B78397B3DAFA}.Release|Any CPU.Build.0 = Release|Any CPU
		{7BC98A55-99BD-48DB-9F8B-DE281EFA1028}.Debug|Any CPU.ActiveCfg = Debug|Any CPU
		{7BC98A55-99BD-48DB-9F8B-DE281EFA1028}.Debug|Any CPU.Build.0 = Debug|Any CPU
		{7BC98A55-99BD-48DB-9F8B-DE281EFA1028}.Release|Any CPU.ActiveCfg = Release|Any CPU
		{7BC98A55-99BD-48DB-9F8B-DE281EFA1028}.Release|Any CPU.Build.0 = Release|Any CPU
		{979689E1-4308-4B60-8B74-24DBF2BBD794}.Debug|Any CPU.ActiveCfg = Debug|Any CPU
		{979689E1-4308-4B60-8B74-24DBF2BBD794}.Debug|Any CPU.Build.0 = Debug|Any CPU
		{979689E1-4308-4B60-8B74-24DBF2BBD794}.Release|Any CPU.ActiveCfg = Release|Any CPU
		{979689E1-4308-4B60-8B74-24DBF2BBD794}.Release|Any CPU.Build.0 = Release|Any CPU
		{02347847-E22C-4A45-BE9B-5D9C9FE7D00F}.Debug|Any CPU.ActiveCfg = Debug|Any CPU
		{02347847-E22C-4A45-BE9B-5D9C9FE7D00F}.Debug|Any CPU.Build.0 = Debug|Any CPU
		{02347847-E22C-4A45-BE9B-5D9C9FE7D00F}.Release|Any CPU.ActiveCfg = Release|Any CPU
		{02347847-E22C-4A45-BE9B-5D9C9FE7D00F}.Release|Any CPU.Build.0 = Release|Any CPU
		{084946FB-528C-4D32-9ECB-93A2C7910AB7}.Debug|Any CPU.ActiveCfg = Debug|Any CPU
		{084946FB-528C-4D32-9ECB-93A2C7910AB7}.Debug|Any CPU.Build.0 = Debug|Any CPU
		{084946FB-528C-4D32-9ECB-93A2C7910AB7}.Release|Any CPU.ActiveCfg = Release|Any CPU
		{084946FB-528C-4D32-9ECB-93A2C7910AB7}.Release|Any CPU.Build.0 = Release|Any CPU
		{9C358914-B62C-470E-B175-A9BFD24E99BB}.Debug|Any CPU.ActiveCfg = Debug|Any CPU
		{9C358914-B62C-470E-B175-A9BFD24E99BB}.Debug|Any CPU.Build.0 = Debug|Any CPU
		{9C358914-B62C-470E-B175-A9BFD24E99BB}.Release|Any CPU.ActiveCfg = Release|Any CPU
		{9C358914-B62C-470E-B175-A9BFD24E99BB}.Release|Any CPU.Build.0 = Release|Any CPU
		{24EF0294-9BA9-461B-92F4-007810D5D030}.Debug|Any CPU.ActiveCfg = Debug|Any CPU
		{24EF0294-9BA9-461B-92F4-007810D5D030}.Debug|Any CPU.Build.0 = Debug|Any CPU
		{24EF0294-9BA9-461B-92F4-007810D5D030}.Release|Any CPU.ActiveCfg = Release|Any CPU
		{24EF0294-9BA9-461B-92F4-007810D5D030}.Release|Any CPU.Build.0 = Release|Any CPU
		{E251F66F-9926-419C-83F5-697A0FC99131}.Debug|Any CPU.ActiveCfg = Debug|Any CPU
		{E251F66F-9926-419C-83F5-697A0FC99131}.Debug|Any CPU.Build.0 = Debug|Any CPU
		{E251F66F-9926-419C-83F5-697A0FC99131}.Release|Any CPU.ActiveCfg = Release|Any CPU
		{E251F66F-9926-419C-83F5-697A0FC99131}.Release|Any CPU.Build.0 = Release|Any CPU
		{9452507C-894E-4AA9-869E-491C2C36C046}.Debug|Any CPU.ActiveCfg = Debug|Any CPU
		{9452507C-894E-4AA9-869E-491C2C36C046}.Debug|Any CPU.Build.0 = Debug|Any CPU
		{9452507C-894E-4AA9-869E-491C2C36C046}.Release|Any CPU.ActiveCfg = Release|Any CPU
		{9452507C-894E-4AA9-869E-491C2C36C046}.Release|Any CPU.Build.0 = Release|Any CPU
		{E0A827DD-EB57-4155-9FCC-2B1919DA7B5C}.Debug|Any CPU.ActiveCfg = Debug|Any CPU
		{E0A827DD-EB57-4155-9FCC-2B1919DA7B5C}.Debug|Any CPU.Build.0 = Debug|Any CPU
		{E0A827DD-EB57-4155-9FCC-2B1919DA7B5C}.Release|Any CPU.ActiveCfg = Release|Any CPU
		{E0A827DD-EB57-4155-9FCC-2B1919DA7B5C}.Release|Any CPU.Build.0 = Release|Any CPU
		{46DE3A7A-9C76-48B0-B7CA-81519BFF2161}.Debug|Any CPU.ActiveCfg = Debug|Any CPU
		{46DE3A7A-9C76-48B0-B7CA-81519BFF2161}.Debug|Any CPU.Build.0 = Debug|Any CPU
		{46DE3A7A-9C76-48B0-B7CA-81519BFF2161}.Release|Any CPU.ActiveCfg = Release|Any CPU
		{46DE3A7A-9C76-48B0-B7CA-81519BFF2161}.Release|Any CPU.Build.0 = Release|Any CPU
		{70B0CEC7-D3E3-4455-8B47-764259277B92}.Debug|Any CPU.ActiveCfg = Debug|Any CPU
		{70B0CEC7-D3E3-4455-8B47-764259277B92}.Debug|Any CPU.Build.0 = Debug|Any CPU
		{70B0CEC7-D3E3-4455-8B47-764259277B92}.Release|Any CPU.ActiveCfg = Release|Any CPU
		{70B0CEC7-D3E3-4455-8B47-764259277B92}.Release|Any CPU.Build.0 = Release|Any CPU
		{3E43FEF8-1F2A-479B-82CA-74FEB2EA4B34}.Debug|Any CPU.ActiveCfg = Debug|Any CPU
		{3E43FEF8-1F2A-479B-82CA-74FEB2EA4B34}.Debug|Any CPU.Build.0 = Debug|Any CPU
		{3E43FEF8-1F2A-479B-82CA-74FEB2EA4B34}.Release|Any CPU.ActiveCfg = Release|Any CPU
		{3E43FEF8-1F2A-479B-82CA-74FEB2EA4B34}.Release|Any CPU.Build.0 = Release|Any CPU
		{D363A2CD-CEF5-482F-AEBE-FA971EF18FF9}.Debug|Any CPU.ActiveCfg = Debug|Any CPU
		{D363A2CD-CEF5-482F-AEBE-FA971EF18FF9}.Debug|Any CPU.Build.0 = Debug|Any CPU
		{D363A2CD-CEF5-482F-AEBE-FA971EF18FF9}.Release|Any CPU.ActiveCfg = Release|Any CPU
		{D363A2CD-CEF5-482F-AEBE-FA971EF18FF9}.Release|Any CPU.Build.0 = Release|Any CPU
		{C9B42258-139F-4A54-B9DA-F34611E7CD85}.Debug|Any CPU.ActiveCfg = Debug|Any CPU
		{C9B42258-139F-4A54-B9DA-F34611E7CD85}.Debug|Any CPU.Build.0 = Debug|Any CPU
		{C9B42258-139F-4A54-B9DA-F34611E7CD85}.Release|Any CPU.ActiveCfg = Release|Any CPU
		{C9B42258-139F-4A54-B9DA-F34611E7CD85}.Release|Any CPU.Build.0 = Release|Any CPU
		{6675CB5C-BED9-4A38-B7F6-493D20E590E5}.Debug|Any CPU.ActiveCfg = Debug|Any CPU
		{6675CB5C-BED9-4A38-B7F6-493D20E590E5}.Debug|Any CPU.Build.0 = Debug|Any CPU
		{6675CB5C-BED9-4A38-B7F6-493D20E590E5}.Release|Any CPU.ActiveCfg = Release|Any CPU
		{6675CB5C-BED9-4A38-B7F6-493D20E590E5}.Release|Any CPU.Build.0 = Release|Any CPU
		{138F8607-A5D1-4D3C-BB15-99D972B1CA96}.Debug|Any CPU.ActiveCfg = Debug|Any CPU
		{138F8607-A5D1-4D3C-BB15-99D972B1CA96}.Debug|Any CPU.Build.0 = Debug|Any CPU
		{138F8607-A5D1-4D3C-BB15-99D972B1CA96}.Release|Any CPU.ActiveCfg = Release|Any CPU
		{138F8607-A5D1-4D3C-BB15-99D972B1CA96}.Release|Any CPU.Build.0 = Release|Any CPU
		{EB982863-3015-404A-B3F2-2D598984AB58}.Debug|Any CPU.ActiveCfg = Debug|Any CPU
		{EB982863-3015-404A-B3F2-2D598984AB58}.Debug|Any CPU.Build.0 = Debug|Any CPU
		{EB982863-3015-404A-B3F2-2D598984AB58}.Release|Any CPU.ActiveCfg = Release|Any CPU
		{EB982863-3015-404A-B3F2-2D598984AB58}.Release|Any CPU.Build.0 = Release|Any CPU
		{9B3D4B91-D1F5-4022-81D3-DFA6F2CF5B6D}.Debug|Any CPU.ActiveCfg = Debug|Any CPU
		{9B3D4B91-D1F5-4022-81D3-DFA6F2CF5B6D}.Debug|Any CPU.Build.0 = Debug|Any CPU
		{9B3D4B91-D1F5-4022-81D3-DFA6F2CF5B6D}.Release|Any CPU.ActiveCfg = Release|Any CPU
		{9B3D4B91-D1F5-4022-81D3-DFA6F2CF5B6D}.Release|Any CPU.Build.0 = Release|Any CPU
		{FDD1568A-5DFA-4094-8835-23CCE597EA83}.Debug|Any CPU.ActiveCfg = Debug|Any CPU
		{FDD1568A-5DFA-4094-8835-23CCE597EA83}.Debug|Any CPU.Build.0 = Debug|Any CPU
		{FDD1568A-5DFA-4094-8835-23CCE597EA83}.Release|Any CPU.ActiveCfg = Release|Any CPU
		{FDD1568A-5DFA-4094-8835-23CCE597EA83}.Release|Any CPU.Build.0 = Release|Any CPU
		{9CC7E579-BCD4-4972-B957-1C9921B0535B}.Debug|Any CPU.ActiveCfg = Debug|Any CPU
		{9CC7E579-BCD4-4972-B957-1C9921B0535B}.Debug|Any CPU.Build.0 = Debug|Any CPU
		{9CC7E579-BCD4-4972-B957-1C9921B0535B}.Release|Any CPU.ActiveCfg = Release|Any CPU
		{9CC7E579-BCD4-4972-B957-1C9921B0535B}.Release|Any CPU.Build.0 = Release|Any CPU
		{60037A0C-168E-4DD9-95D2-C3DED69AAFB6}.Debug|Any CPU.ActiveCfg = Debug|Any CPU
		{60037A0C-168E-4DD9-95D2-C3DED69AAFB6}.Debug|Any CPU.Build.0 = Debug|Any CPU
		{60037A0C-168E-4DD9-95D2-C3DED69AAFB6}.Release|Any CPU.ActiveCfg = Release|Any CPU
		{60037A0C-168E-4DD9-95D2-C3DED69AAFB6}.Release|Any CPU.Build.0 = Release|Any CPU
		{2B595525-0A68-4725-BD6F-13102970A4AE}.Debug|Any CPU.ActiveCfg = Debug|Any CPU
		{2B595525-0A68-4725-BD6F-13102970A4AE}.Debug|Any CPU.Build.0 = Debug|Any CPU
		{2B595525-0A68-4725-BD6F-13102970A4AE}.Release|Any CPU.ActiveCfg = Release|Any CPU
		{2B595525-0A68-4725-BD6F-13102970A4AE}.Release|Any CPU.Build.0 = Release|Any CPU
		{29A8B109-EB68-422C-9BDA-895F06EBC9E6}.Debug|Any CPU.ActiveCfg = Debug|Any CPU
		{29A8B109-EB68-422C-9BDA-895F06EBC9E6}.Debug|Any CPU.Build.0 = Debug|Any CPU
		{29A8B109-EB68-422C-9BDA-895F06EBC9E6}.Release|Any CPU.ActiveCfg = Release|Any CPU
		{29A8B109-EB68-422C-9BDA-895F06EBC9E6}.Release|Any CPU.Build.0 = Release|Any CPU
		{EEF388C2-E803-431C-BE74-21AA495864ED}.Debug|Any CPU.ActiveCfg = Debug|Any CPU
		{EEF388C2-E803-431C-BE74-21AA495864ED}.Debug|Any CPU.Build.0 = Debug|Any CPU
		{EEF388C2-E803-431C-BE74-21AA495864ED}.Release|Any CPU.ActiveCfg = Release|Any CPU
		{EEF388C2-E803-431C-BE74-21AA495864ED}.Release|Any CPU.Build.0 = Release|Any CPU
		{BE79A3E9-2352-4B11-997A-7C044EAF5B1B}.Debug|Any CPU.ActiveCfg = Debug|Any CPU
		{BE79A3E9-2352-4B11-997A-7C044EAF5B1B}.Debug|Any CPU.Build.0 = Debug|Any CPU
		{BE79A3E9-2352-4B11-997A-7C044EAF5B1B}.Release|Any CPU.ActiveCfg = Release|Any CPU
		{BE79A3E9-2352-4B11-997A-7C044EAF5B1B}.Release|Any CPU.Build.0 = Release|Any CPU
		{F025C422-56CD-477D-8361-C309F464D294}.Debug|Any CPU.ActiveCfg = Debug|Any CPU
		{F025C422-56CD-477D-8361-C309F464D294}.Debug|Any CPU.Build.0 = Debug|Any CPU
		{F025C422-56CD-477D-8361-C309F464D294}.Release|Any CPU.ActiveCfg = Release|Any CPU
		{F025C422-56CD-477D-8361-C309F464D294}.Release|Any CPU.Build.0 = Release|Any CPU
		{17966ADA-897B-4A36-A413-90462EF242EC}.Debug|Any CPU.ActiveCfg = Debug|Any CPU
		{17966ADA-897B-4A36-A413-90462EF242EC}.Debug|Any CPU.Build.0 = Debug|Any CPU
		{17966ADA-897B-4A36-A413-90462EF242EC}.Release|Any CPU.ActiveCfg = Release|Any CPU
		{17966ADA-897B-4A36-A413-90462EF242EC}.Release|Any CPU.Build.0 = Release|Any CPU
		{83A86382-A7EB-45C6-BCD3-E466235A371B}.Debug|Any CPU.ActiveCfg = Debug|Any CPU
		{83A86382-A7EB-45C6-BCD3-E466235A371B}.Debug|Any CPU.Build.0 = Debug|Any CPU
		{83A86382-A7EB-45C6-BCD3-E466235A371B}.Release|Any CPU.ActiveCfg = Release|Any CPU
		{83A86382-A7EB-45C6-BCD3-E466235A371B}.Release|Any CPU.Build.0 = Release|Any CPU
		{4B5518D5-B2BB-4721-A868-F413EDD864C2}.Debug|Any CPU.ActiveCfg = Debug|Any CPU
		{4B5518D5-B2BB-4721-A868-F413EDD864C2}.Debug|Any CPU.Build.0 = Debug|Any CPU
		{4B5518D5-B2BB-4721-A868-F413EDD864C2}.Release|Any CPU.ActiveCfg = Release|Any CPU
		{4B5518D5-B2BB-4721-A868-F413EDD864C2}.Release|Any CPU.Build.0 = Release|Any CPU
	EndGlobalSection
	GlobalSection(SolutionProperties) = preSolution
		HideSolutionNode = FALSE
	EndGlobalSection
	GlobalSection(ExtensibilityGlobals) = postSolution
		SolutionGuid = {783F24AD-ABCC-4EDA-A747-F664F38C1AF0}
	EndGlobalSection
EndGlobal
