
Microsoft Visual Studio Solution File, Format Version 12.00
# Visual Studio 15
VisualStudioVersion = 15.0.28010.2046
MinimumVisualStudioVersion = 10.0.40219.1
Project("{FAE04EC0-301F-11D3-BF4B-00C04F79EFBC}") = "WpfApplication2", "WpfApplication2\WpfApplication2.csproj", "{A0C287A9-0318-47DC-ACF2-4281E7E1B08D}"
EndProject
Project("{FAE04EC0-301F-11D3-BF4B-00C04F79EFBC}") = "LoadXamlWindow", "LoadXamlWindow\LoadXamlWindow.csproj", "{E2DF8384-1984-410E-8F71-CE7C538DE7D2}"
EndProject
Project("{FAE04EC0-301F-11D3-BF4B-00C04F79EFBC}") = "CompileXamlWindow", "CompileXamlWindow\CompileXamlWindow.csproj", "{598B51A6-E70C-47D5-9802-C513269869C9}"
EndProject
Project("{FAE04EC0-301F-11D3-BF4B-00C04F79EFBC}") = "SelectColorFromGrid", "SelectColorFromGrid\SelectColorFromGrid.csproj", "{0AAD2C66-370A-4156-A4F7-6DB50D43DF93}"
EndProject
Project("{FAE04EC0-301F-11D3-BF4B-00C04F79EFBC}") = "XamlCustomClass", "XamlCustomClass\XamlCustomClass.csproj", "{E2DB4AD8-7B20-4D94-B920-F7353027E803}"
EndProject
Global
	GlobalSection(SolutionConfigurationPlatforms) = preSolution
		Debug|Any CPU = Debug|Any CPU
		Release|Any CPU = Release|Any CPU
	EndGlobalSection
	GlobalSection(ProjectConfigurationPlatforms) = postSolution
		{A0C287A9-0318-47DC-ACF2-4281E7E1B08D}.Debug|Any CPU.ActiveCfg = Debug|Any CPU
		{A0C287A9-0318-47DC-ACF2-4281E7E1B08D}.Debug|Any CPU.Build.0 = Debug|Any CPU
		{A0C287A9-0318-47DC-ACF2-4281E7E1B08D}.Release|Any CPU.ActiveCfg = Release|Any CPU
		{A0C287A9-0318-47DC-ACF2-4281E7E1B08D}.Release|Any CPU.Build.0 = Release|Any CPU
		{E2DF8384-1984-410E-8F71-CE7C538DE7D2}.Debug|Any CPU.ActiveCfg = Debug|Any CPU
		{E2DF8384-1984-410E-8F71-CE7C538DE7D2}.Debug|Any CPU.Build.0 = Debug|Any CPU
		{E2DF8384-1984-410E-8F71-CE7C538DE7D2}.Release|Any CPU.ActiveCfg = Release|Any CPU
		{E2DF8384-1984-410E-8F71-CE7C538DE7D2}.Release|Any CPU.Build.0 = Release|Any CPU
		{598B51A6-E70C-47D5-9802-C513269869C9}.Debug|Any CPU.ActiveCfg = Debug|Any CPU
		{598B51A6-E70C-47D5-9802-C513269869C9}.Debug|Any CPU.Build.0 = Debug|Any CPU
		{598B51A6-E70C-47D5-9802-C513269869C9}.Release|Any CPU.ActiveCfg = Release|Any CPU
		{598B51A6-E70C-47D5-9802-C513269869C9}.Release|Any CPU.Build.0 = Release|Any CPU
		{0AAD2C66-370A-4156-A4F7-6DB50D43DF93}.Debug|Any CPU.ActiveCfg = Debug|Any CPU
		{0AAD2C66-370A-4156-A4F7-6DB50D43DF93}.Debug|Any CPU.Build.0 = Debug|Any CPU
		{0AAD2C66-370A-4156-A4F7-6DB50D43DF93}.Release|Any CPU.ActiveCfg = Release|Any CPU
		{0AAD2C66-370A-4156-A4F7-6DB50D43DF93}.Release|Any CPU.Build.0 = Release|Any CPU
		{E2DB4AD8-7B20-4D94-B920-F7353027E803}.Debug|Any CPU.ActiveCfg = Debug|Any CPU
		{E2DB4AD8-7B20-4D94-B920-F7353027E803}.Debug|Any CPU.Build.0 = Debug|Any CPU
		{E2DB4AD8-7B20-4D94-B920-F7353027E803}.Release|Any CPU.ActiveCfg = Release|Any CPU
		{E2DB4AD8-7B20-4D94-B920-F7353027E803}.Release|Any CPU.Build.0 = Release|Any CPU
	EndGlobalSection
	GlobalSection(SolutionProperties) = preSolution
		HideSolutionNode = FALSE
	EndGlobalSection
	GlobalSection(ExtensibilityGlobals) = postSolution
		SolutionGuid = {8513ED50-FA9A-4ACE-BFB5-96C8FC13D4C7}
	EndGlobalSection
EndGlobal
