
Microsoft Visual Studio Solution File, Format Version 12.00
# Visual Studio 15
VisualStudioVersion = 15.0.28010.2046
MinimumVisualStudioVersion = 10.0.40219.1
Project("{FAE04EC0-301F-11D3-BF4B-00C04F79EFBC}") = "ConsoleApp1", "ConsoleApp1\ConsoleApp1.csproj", "{D24B9560-9A63-4F16-A3DD-CC6452DAC002}"
EndProject
Project("{FAE04EC0-301F-11D3-BF4B-00C04F79EFBC}") = "ConsoleApp2", "ConsoleApp2\ConsoleApp2.csproj", "{0B261CB5-D8FF-4EAB-B5D7-A6CD70A9636B}"
EndProject
Project("{FAE04EC0-301F-11D3-BF4B-00C04F79EFBC}") = "ConsoleApp3", "ConsoleApp3\ConsoleApp3.csproj", "{669BB808-DFD4-495C-A186-6288694AC3ED}"
EndProject
Project("{FAE04EC0-301F-11D3-BF4B-00C04F79EFBC}") = "ConsoleApp4", "ConsoleApp4\ConsoleApp4.csproj", "{071DB913-9CE9-4A66-81F8-C8B731C9F120}"
EndProject
Project("{FAE04EC0-301F-11D3-BF4B-00C04F79EFBC}") = "ConsoleApp5", "ConsoleApp5\ConsoleApp5.csproj", "{C8883BA3-298C-4DB8-A074-710FEBE9C69E}"
EndProject
Project("{FAE04EC0-301F-11D3-BF4B-00C04F79EFBC}") = "ConsoleApp6", "ConsoleApp6\ConsoleApp6.csproj", "{D3654578-87CC-4B08-9912-1C07AE882EDC}"
EndProject
Project("{FAE04EC0-301F-11D3-BF4B-00C04F79EFBC}") = "ConsoleApp7", "ConsoleApp7\ConsoleApp7.csproj", "{73F2BD6B-AB71-415A-B4E8-316E5553AB98}"
EndProject
Project("{FAE04EC0-301F-11D3-BF4B-00C04F79EFBC}") = "ConsoleApp8", "ConsoleApp8\ConsoleApp8.csproj", "{A992EF82-CFD1-42DB-8E30-861361EC5798}"
EndProject
Project("{FAE04EC0-301F-11D3-BF4B-00C04F79EFBC}") = "ConsoleApp9", "ConsoleApp9\ConsoleApp9.csproj", "{57E06F25-A3A8-4894-AFA2-0B998CEB0B91}"
EndProject
Project("{FAE04EC0-301F-11D3-BF4B-00C04F79EFBC}") = "ConsoleApp10", "ConsoleApp10\ConsoleApp10.csproj", "{FCDEC7D1-3C5A-4EBF-9044-4CEE99C9E50D}"
EndProject
Project("{FAE04EC0-301F-11D3-BF4B-00C04F79EFBC}") = "ConsoleApp11", "ConsoleApp11\ConsoleApp11.csproj", "{D696B8BB-83E0-4C63-B92B-3C17ADD854AA}"
EndProject
Project("{FAE04EC0-301F-11D3-BF4B-00C04F79EFBC}") = "ConsoleApp12", "ConsoleApp12\ConsoleApp12.csproj", "{8679414E-D035-4DE3-A664-81BB490A2F1B}"
EndProject
Project("{FAE04EC0-301F-11D3-BF4B-00C04F79EFBC}") = "ConsoleApp13", "ConsoleApp13\ConsoleApp13.csproj", "{A9950D90-FB22-4747-97DE-5B53716B4E60}"
EndProject
Project("{FAE04EC0-301F-11D3-BF4B-00C04F79EFBC}") = "ConsoleApp14", "ConsoleApp14\ConsoleApp14.csproj", "{B49529C4-27CE-4ADD-A6A5-ADE3785AEE9E}"
EndProject
Project("{FAE04EC0-301F-11D3-BF4B-00C04F79EFBC}") = "ConsoleApp15", "ConsoleApp15\ConsoleApp15.csproj", "{21CEB626-F274-40CD-87FF-C5C1D3519D1B}"
EndProject
Project("{FAE04EC0-301F-11D3-BF4B-00C04F79EFBC}") = "ConsoleApp16", "ConsoleApp16\ConsoleApp16.csproj", "{850278DF-207F-482E-878B-74DBD44EE5F7}"
EndProject
Project("{FAE04EC0-301F-11D3-BF4B-00C04F79EFBC}") = "ConsoleApp17", "ConsoleApp17\ConsoleApp17.csproj", "{F12D0C23-4A45-496F-B07F-E2112E1AA02A}"
EndProject
Project("{FAE04EC0-301F-11D3-BF4B-00C04F79EFBC}") = "ConsoleApp18", "ConsoleApp18\ConsoleApp18.csproj", "{7B131A59-E261-45AC-A14E-2BAFAF674946}"
EndProject
Project("{FAE04EC0-301F-11D3-BF4B-00C04F79EFBC}") = "ConsoleApp19", "ConsoleApp19\ConsoleApp19.csproj", "{7E7BAE16-AE34-47C5-A322-0DBB8AA4DF20}"
EndProject
Project("{FAE04EC0-301F-11D3-BF4B-00C04F79EFBC}") = "ConsoleApp20", "ConsoleApp20\ConsoleApp20.csproj", "{816BD24A-8CD8-4ABD-ABD2-70ADAC24D9E7}"
EndProject
Project("{FAE04EC0-301F-11D3-BF4B-00C04F79EFBC}") = "ConsoleApp21", "ConsoleApp21\ConsoleApp21.csproj", "{0DACE449-0295-476D-944B-A75BE13F1F87}"
EndProject
Project("{FAE04EC0-301F-11D3-BF4B-00C04F79EFBC}") = "ConsoleApp22", "ConsoleApp22\ConsoleApp22.csproj", "{98187FAD-4F9A-495C-B5FE-A29E2F8E989C}"
EndProject
Project("{FAE04EC0-301F-11D3-BF4B-00C04F79EFBC}") = "ConsoleApp23", "ConsoleApp23\ConsoleApp23.csproj", "{640D9ED9-C683-47FC-96F6-1769ABCEED02}"
EndProject
Global
	GlobalSection(SolutionConfigurationPlatforms) = preSolution
		Debug|Any CPU = Debug|Any CPU
		Release|Any CPU = Release|Any CPU
	EndGlobalSection
	GlobalSection(ProjectConfigurationPlatforms) = postSolution
		{D24B9560-9A63-4F16-A3DD-CC6452DAC002}.Debug|Any CPU.ActiveCfg = Debug|Any CPU
		{D24B9560-9A63-4F16-A3DD-CC6452DAC002}.Debug|Any CPU.Build.0 = Debug|Any CPU
		{D24B9560-9A63-4F16-A3DD-CC6452DAC002}.Release|Any CPU.ActiveCfg = Release|Any CPU
		{D24B9560-9A63-4F16-A3DD-CC6452DAC002}.Release|Any CPU.Build.0 = Release|Any CPU
		{0B261CB5-D8FF-4EAB-B5D7-A6CD70A9636B}.Debug|Any CPU.ActiveCfg = Debug|Any CPU
		{0B261CB5-D8FF-4EAB-B5D7-A6CD70A9636B}.Debug|Any CPU.Build.0 = Debug|Any CPU
		{0B261CB5-D8FF-4EAB-B5D7-A6CD70A9636B}.Release|Any CPU.ActiveCfg = Release|Any CPU
		{0B261CB5-D8FF-4EAB-B5D7-A6CD70A9636B}.Release|Any CPU.Build.0 = Release|Any CPU
		{669BB808-DFD4-495C-A186-6288694AC3ED}.Debug|Any CPU.ActiveCfg = Debug|Any CPU
		{669BB808-DFD4-495C-A186-6288694AC3ED}.Debug|Any CPU.Build.0 = Debug|Any CPU
		{669BB808-DFD4-495C-A186-6288694AC3ED}.Release|Any CPU.ActiveCfg = Release|Any CPU
		{669BB808-DFD4-495C-A186-6288694AC3ED}.Release|Any CPU.Build.0 = Release|Any CPU
		{071DB913-9CE9-4A66-81F8-C8B731C9F120}.Debug|Any CPU.ActiveCfg = Debug|Any CPU
		{071DB913-9CE9-4A66-81F8-C8B731C9F120}.Debug|Any CPU.Build.0 = Debug|Any CPU
		{071DB913-9CE9-4A66-81F8-C8B731C9F120}.Release|Any CPU.ActiveCfg = Release|Any CPU
		{071DB913-9CE9-4A66-81F8-C8B731C9F120}.Release|Any CPU.Build.0 = Release|Any CPU
		{C8883BA3-298C-4DB8-A074-710FEBE9C69E}.Debug|Any CPU.ActiveCfg = Debug|Any CPU
		{C8883BA3-298C-4DB8-A074-710FEBE9C69E}.Debug|Any CPU.Build.0 = Debug|Any CPU
		{C8883BA3-298C-4DB8-A074-710FEBE9C69E}.Release|Any CPU.ActiveCfg = Release|Any CPU
		{C8883BA3-298C-4DB8-A074-710FEBE9C69E}.Release|Any CPU.Build.0 = Release|Any CPU
		{D3654578-87CC-4B08-9912-1C07AE882EDC}.Debug|Any CPU.ActiveCfg = Debug|Any CPU
		{D3654578-87CC-4B08-9912-1C07AE882EDC}.Debug|Any CPU.Build.0 = Debug|Any CPU
		{D3654578-87CC-4B08-9912-1C07AE882EDC}.Release|Any CPU.ActiveCfg = Release|Any CPU
		{D3654578-87CC-4B08-9912-1C07AE882EDC}.Release|Any CPU.Build.0 = Release|Any CPU
		{73F2BD6B-AB71-415A-B4E8-316E5553AB98}.Debug|Any CPU.ActiveCfg = Debug|Any CPU
		{73F2BD6B-AB71-415A-B4E8-316E5553AB98}.Debug|Any CPU.Build.0 = Debug|Any CPU
		{73F2BD6B-AB71-415A-B4E8-316E5553AB98}.Release|Any CPU.ActiveCfg = Release|Any CPU
		{73F2BD6B-AB71-415A-B4E8-316E5553AB98}.Release|Any CPU.Build.0 = Release|Any CPU
		{A992EF82-CFD1-42DB-8E30-861361EC5798}.Debug|Any CPU.ActiveCfg = Debug|Any CPU
		{A992EF82-CFD1-42DB-8E30-861361EC5798}.Debug|Any CPU.Build.0 = Debug|Any CPU
		{A992EF82-CFD1-42DB-8E30-861361EC5798}.Release|Any CPU.ActiveCfg = Release|Any CPU
		{A992EF82-CFD1-42DB-8E30-861361EC5798}.Release|Any CPU.Build.0 = Release|Any CPU
		{57E06F25-A3A8-4894-AFA2-0B998CEB0B91}.Debug|Any CPU.ActiveCfg = Debug|Any CPU
		{57E06F25-A3A8-4894-AFA2-0B998CEB0B91}.Debug|Any CPU.Build.0 = Debug|Any CPU
		{57E06F25-A3A8-4894-AFA2-0B998CEB0B91}.Release|Any CPU.ActiveCfg = Release|Any CPU
		{57E06F25-A3A8-4894-AFA2-0B998CEB0B91}.Release|Any CPU.Build.0 = Release|Any CPU
		{FCDEC7D1-3C5A-4EBF-9044-4CEE99C9E50D}.Debug|Any CPU.ActiveCfg = Debug|Any CPU
		{FCDEC7D1-3C5A-4EBF-9044-4CEE99C9E50D}.Debug|Any CPU.Build.0 = Debug|Any CPU
		{FCDEC7D1-3C5A-4EBF-9044-4CEE99C9E50D}.Release|Any CPU.ActiveCfg = Release|Any CPU
		{FCDEC7D1-3C5A-4EBF-9044-4CEE99C9E50D}.Release|Any CPU.Build.0 = Release|Any CPU
		{D696B8BB-83E0-4C63-B92B-3C17ADD854AA}.Debug|Any CPU.ActiveCfg = Debug|Any CPU
		{D696B8BB-83E0-4C63-B92B-3C17ADD854AA}.Debug|Any CPU.Build.0 = Debug|Any CPU
		{D696B8BB-83E0-4C63-B92B-3C17ADD854AA}.Release|Any CPU.ActiveCfg = Release|Any CPU
		{D696B8BB-83E0-4C63-B92B-3C17ADD854AA}.Release|Any CPU.Build.0 = Release|Any CPU
		{8679414E-D035-4DE3-A664-81BB490A2F1B}.Debug|Any CPU.ActiveCfg = Debug|Any CPU
		{8679414E-D035-4DE3-A664-81BB490A2F1B}.Debug|Any CPU.Build.0 = Debug|Any CPU
		{8679414E-D035-4DE3-A664-81BB490A2F1B}.Release|Any CPU.ActiveCfg = Release|Any CPU
		{8679414E-D035-4DE3-A664-81BB490A2F1B}.Release|Any CPU.Build.0 = Release|Any CPU
		{A9950D90-FB22-4747-97DE-5B53716B4E60}.Debug|Any CPU.ActiveCfg = Debug|Any CPU
		{A9950D90-FB22-4747-97DE-5B53716B4E60}.Debug|Any CPU.Build.0 = Debug|Any CPU
		{A9950D90-FB22-4747-97DE-5B53716B4E60}.Release|Any CPU.ActiveCfg = Release|Any CPU
		{A9950D90-FB22-4747-97DE-5B53716B4E60}.Release|Any CPU.Build.0 = Release|Any CPU
		{B49529C4-27CE-4ADD-A6A5-ADE3785AEE9E}.Debug|Any CPU.ActiveCfg = Debug|Any CPU
		{B49529C4-27CE-4ADD-A6A5-ADE3785AEE9E}.Debug|Any CPU.Build.0 = Debug|Any CPU
		{B49529C4-27CE-4ADD-A6A5-ADE3785AEE9E}.Release|Any CPU.ActiveCfg = Release|Any CPU
		{B49529C4-27CE-4ADD-A6A5-ADE3785AEE9E}.Release|Any CPU.Build.0 = Release|Any CPU
		{21CEB626-F274-40CD-87FF-C5C1D3519D1B}.Debug|Any CPU.ActiveCfg = Debug|Any CPU
		{21CEB626-F274-40CD-87FF-C5C1D3519D1B}.Debug|Any CPU.Build.0 = Debug|Any CPU
		{21CEB626-F274-40CD-87FF-C5C1D3519D1B}.Release|Any CPU.ActiveCfg = Release|Any CPU
		{21CEB626-F274-40CD-87FF-C5C1D3519D1B}.Release|Any CPU.Build.0 = Release|Any CPU
		{850278DF-207F-482E-878B-74DBD44EE5F7}.Debug|Any CPU.ActiveCfg = Debug|Any CPU
		{850278DF-207F-482E-878B-74DBD44EE5F7}.Debug|Any CPU.Build.0 = Debug|Any CPU
		{850278DF-207F-482E-878B-74DBD44EE5F7}.Release|Any CPU.ActiveCfg = Release|Any CPU
		{850278DF-207F-482E-878B-74DBD44EE5F7}.Release|Any CPU.Build.0 = Release|Any CPU
		{F12D0C23-4A45-496F-B07F-E2112E1AA02A}.Debug|Any CPU.ActiveCfg = Debug|Any CPU
		{F12D0C23-4A45-496F-B07F-E2112E1AA02A}.Debug|Any CPU.Build.0 = Debug|Any CPU
		{F12D0C23-4A45-496F-B07F-E2112E1AA02A}.Release|Any CPU.ActiveCfg = Release|Any CPU
		{F12D0C23-4A45-496F-B07F-E2112E1AA02A}.Release|Any CPU.Build.0 = Release|Any CPU
		{7B131A59-E261-45AC-A14E-2BAFAF674946}.Debug|Any CPU.ActiveCfg = Debug|Any CPU
		{7B131A59-E261-45AC-A14E-2BAFAF674946}.Debug|Any CPU.Build.0 = Debug|Any CPU
		{7B131A59-E261-45AC-A14E-2BAFAF674946}.Release|Any CPU.ActiveCfg = Release|Any CPU
		{7B131A59-E261-45AC-A14E-2BAFAF674946}.Release|Any CPU.Build.0 = Release|Any CPU
		{7E7BAE16-AE34-47C5-A322-0DBB8AA4DF20}.Debug|Any CPU.ActiveCfg = Debug|Any CPU
		{7E7BAE16-AE34-47C5-A322-0DBB8AA4DF20}.Debug|Any CPU.Build.0 = Debug|Any CPU
		{7E7BAE16-AE34-47C5-A322-0DBB8AA4DF20}.Release|Any CPU.ActiveCfg = Release|Any CPU
		{7E7BAE16-AE34-47C5-A322-0DBB8AA4DF20}.Release|Any CPU.Build.0 = Release|Any CPU
		{816BD24A-8CD8-4ABD-ABD2-70ADAC24D9E7}.Debug|Any CPU.ActiveCfg = Debug|Any CPU
		{816BD24A-8CD8-4ABD-ABD2-70ADAC24D9E7}.Debug|Any CPU.Build.0 = Debug|Any CPU
		{816BD24A-8CD8-4ABD-ABD2-70ADAC24D9E7}.Release|Any CPU.ActiveCfg = Release|Any CPU
		{816BD24A-8CD8-4ABD-ABD2-70ADAC24D9E7}.Release|Any CPU.Build.0 = Release|Any CPU
		{0DACE449-0295-476D-944B-A75BE13F1F87}.Debug|Any CPU.ActiveCfg = Debug|Any CPU
		{0DACE449-0295-476D-944B-A75BE13F1F87}.Debug|Any CPU.Build.0 = Debug|Any CPU
		{0DACE449-0295-476D-944B-A75BE13F1F87}.Release|Any CPU.ActiveCfg = Release|Any CPU
		{0DACE449-0295-476D-944B-A75BE13F1F87}.Release|Any CPU.Build.0 = Release|Any CPU
		{98187FAD-4F9A-495C-B5FE-A29E2F8E989C}.Debug|Any CPU.ActiveCfg = Debug|Any CPU
		{98187FAD-4F9A-495C-B5FE-A29E2F8E989C}.Debug|Any CPU.Build.0 = Debug|Any CPU
		{98187FAD-4F9A-495C-B5FE-A29E2F8E989C}.Release|Any CPU.ActiveCfg = Release|Any CPU
		{98187FAD-4F9A-495C-B5FE-A29E2F8E989C}.Release|Any CPU.Build.0 = Release|Any CPU
		{640D9ED9-C683-47FC-96F6-1769ABCEED02}.Debug|Any CPU.ActiveCfg = Debug|Any CPU
		{640D9ED9-C683-47FC-96F6-1769ABCEED02}.Debug|Any CPU.Build.0 = Debug|Any CPU
		{640D9ED9-C683-47FC-96F6-1769ABCEED02}.Release|Any CPU.ActiveCfg = Release|Any CPU
		{640D9ED9-C683-47FC-96F6-1769ABCEED02}.Release|Any CPU.Build.0 = Release|Any CPU
	EndGlobalSection
	GlobalSection(SolutionProperties) = preSolution
		HideSolutionNode = FALSE
	EndGlobalSection
	GlobalSection(ExtensibilityGlobals) = postSolution
		SolutionGuid = {084982AB-10AC-4F7F-8875-2B1DB104C864}
	EndGlobalSection
EndGlobal
